// !$*UTF8*$!
{
	archiveVersion = 1;
	classes = {
	};
	objectVersion = 55;
	objects = {

/* Begin PBXBuildFile section */
		07305230292731EF00F775ED /* Poppins-Regular.ttf in Resources */ = {isa = PBXBuildFile; fileRef = 0730521E292731EF00F775ED /* Poppins-Regular.ttf */; };
		07305231292731EF00F775ED /* Poppins-BlackItalic.ttf in Resources */ = {isa = PBXBuildFile; fileRef = 0730521F292731EF00F775ED /* Poppins-BlackItalic.ttf */; };
		07305232292731EF00F775ED /* Poppins-SemiBold.ttf in Resources */ = {isa = PBXBuildFile; fileRef = 07305220292731EF00F775ED /* Poppins-SemiBold.ttf */; };
		07305233292731EF00F775ED /* Poppins-ExtraBold.ttf in Resources */ = {isa = PBXBuildFile; fileRef = 07305221292731EF00F775ED /* Poppins-ExtraBold.ttf */; };
		07305234292731EF00F775ED /* Poppins-Black.ttf in Resources */ = {isa = PBXBuildFile; fileRef = 07305222292731EF00F775ED /* Poppins-Black.ttf */; };
		07305235292731EF00F775ED /* Poppins-BoldItalic.ttf in Resources */ = {isa = PBXBuildFile; fileRef = 07305223292731EF00F775ED /* Poppins-BoldItalic.ttf */; };
		07305236292731EF00F775ED /* Poppins-ExtraLight.ttf in Resources */ = {isa = PBXBuildFile; fileRef = 07305224292731EF00F775ED /* Poppins-ExtraLight.ttf */; };
		07305237292731EF00F775ED /* Poppins-Italic.ttf in Resources */ = {isa = PBXBuildFile; fileRef = 07305225292731EF00F775ED /* Poppins-Italic.ttf */; };
		07305238292731EF00F775ED /* Poppins-ExtraBoldItalic.ttf in Resources */ = {isa = PBXBuildFile; fileRef = 07305226292731EF00F775ED /* Poppins-ExtraBoldItalic.ttf */; };
		07305239292731EF00F775ED /* Poppins-ExtraLightItalic.ttf in Resources */ = {isa = PBXBuildFile; fileRef = 07305227292731EF00F775ED /* Poppins-ExtraLightItalic.ttf */; };
		0730523A292731EF00F775ED /* Poppins-Light.ttf in Resources */ = {isa = PBXBuildFile; fileRef = 07305228292731EF00F775ED /* Poppins-Light.ttf */; };
		0730523B292731EF00F775ED /* Poppins-MediumItalic.ttf in Resources */ = {isa = PBXBuildFile; fileRef = 07305229292731EF00F775ED /* Poppins-MediumItalic.ttf */; };
		0730523C292731EF00F775ED /* Poppins-ThinItalic.ttf in Resources */ = {isa = PBXBuildFile; fileRef = 0730522A292731EF00F775ED /* Poppins-ThinItalic.ttf */; };
		0730523D292731EF00F775ED /* Poppins-LightItalic.ttf in Resources */ = {isa = PBXBuildFile; fileRef = 0730522B292731EF00F775ED /* Poppins-LightItalic.ttf */; };
		0730523E292731EF00F775ED /* Poppins-Bold.ttf in Resources */ = {isa = PBXBuildFile; fileRef = 0730522C292731EF00F775ED /* Poppins-Bold.ttf */; };
		0730523F292731EF00F775ED /* Poppins-SemiBoldItalic.ttf in Resources */ = {isa = PBXBuildFile; fileRef = 0730522D292731EF00F775ED /* Poppins-SemiBoldItalic.ttf */; };
		07305240292731EF00F775ED /* Poppins-Thin.ttf in Resources */ = {isa = PBXBuildFile; fileRef = 0730522E292731EF00F775ED /* Poppins-Thin.ttf */; };
		07305241292731EF00F775ED /* Poppins-Medium.ttf in Resources */ = {isa = PBXBuildFile; fileRef = 0730522F292731EF00F775ED /* Poppins-Medium.ttf */; };
		073052572927386800F775ED /* Poppins-ThinItalic.ttf in Resources */ = {isa = PBXBuildFile; fileRef = 073052452927386700F775ED /* Poppins-ThinItalic.ttf */; };
		073052582927386800F775ED /* Poppins-Italic.ttf in Resources */ = {isa = PBXBuildFile; fileRef = 073052462927386700F775ED /* Poppins-Italic.ttf */; };
		073052592927386800F775ED /* Poppins-Bold.ttf in Resources */ = {isa = PBXBuildFile; fileRef = 073052472927386700F775ED /* Poppins-Bold.ttf */; };
		0730525A2927386800F775ED /* Poppins-ExtraLightItalic.ttf in Resources */ = {isa = PBXBuildFile; fileRef = 073052482927386700F775ED /* Poppins-ExtraLightItalic.ttf */; };
		0730525B2927386800F775ED /* Poppins-ExtraBold.ttf in Resources */ = {isa = PBXBuildFile; fileRef = 073052492927386700F775ED /* Poppins-ExtraBold.ttf */; };
		0730525C2927386800F775ED /* Poppins-BoldItalic.ttf in Resources */ = {isa = PBXBuildFile; fileRef = 0730524A2927386700F775ED /* Poppins-BoldItalic.ttf */; };
		0730525D2927386800F775ED /* Poppins-Light.ttf in Resources */ = {isa = PBXBuildFile; fileRef = 0730524B2927386700F775ED /* Poppins-Light.ttf */; };
		0730525E2927386800F775ED /* Poppins-BlackItalic.ttf in Resources */ = {isa = PBXBuildFile; fileRef = 0730524C2927386700F775ED /* Poppins-BlackItalic.ttf */; };
		0730525F2927386800F775ED /* Poppins-MediumItalic.ttf in Resources */ = {isa = PBXBuildFile; fileRef = 0730524D2927386700F775ED /* Poppins-MediumItalic.ttf */; };
		073052602927386800F775ED /* Poppins-SemiBoldItalic.ttf in Resources */ = {isa = PBXBuildFile; fileRef = 0730524E2927386700F775ED /* Poppins-SemiBoldItalic.ttf */; };
		073052612927386800F775ED /* Poppins-Medium.ttf in Resources */ = {isa = PBXBuildFile; fileRef = 0730524F2927386700F775ED /* Poppins-Medium.ttf */; };
		073052622927386800F775ED /* Poppins-Black.ttf in Resources */ = {isa = PBXBuildFile; fileRef = 073052502927386700F775ED /* Poppins-Black.ttf */; };
		073052632927386800F775ED /* Poppins-SemiBold.ttf in Resources */ = {isa = PBXBuildFile; fileRef = 073052512927386700F775ED /* Poppins-SemiBold.ttf */; };
		073052642927386800F775ED /* Poppins-ExtraBoldItalic.ttf in Resources */ = {isa = PBXBuildFile; fileRef = 073052522927386700F775ED /* Poppins-ExtraBoldItalic.ttf */; };
		073052652927386800F775ED /* Poppins-ExtraLight.ttf in Resources */ = {isa = PBXBuildFile; fileRef = 073052532927386700F775ED /* Poppins-ExtraLight.ttf */; };
		073052662927386800F775ED /* Poppins-LightItalic.ttf in Resources */ = {isa = PBXBuildFile; fileRef = 073052542927386700F775ED /* Poppins-LightItalic.ttf */; };
		073052672927386800F775ED /* Poppins-Thin.ttf in Resources */ = {isa = PBXBuildFile; fileRef = 073052552927386800F775ED /* Poppins-Thin.ttf */; };
		073052682927386800F775ED /* Poppins-Regular.ttf in Resources */ = {isa = PBXBuildFile; fileRef = 073052562927386800F775ED /* Poppins-Regular.ttf */; };
		1034A52EA2023370C93962B9 /* Pods_pokemon_with_widget_pokemon_with_widgetUITests.framework in Frameworks */ = {isa = PBXBuildFile; fileRef = BCA67CA0C7C5C3BB5DA43A7F /* Pods_pokemon_with_widget_pokemon_with_widgetUITests.framework */; };
		2FA9CBF2CAFA3DDE69E10061 /* Pods_pokemon_with_widget.framework in Frameworks */ = {isa = PBXBuildFile; fileRef = 9AC11CC609F8DAAAB7214C25 /* Pods_pokemon_with_widget.framework */; };
		A025194F29062DD200641BF8 /* SwipeableCardViewDataSource.swift in Sources */ = {isa = PBXBuildFile; fileRef = A025194E29062DD200641BF8 /* SwipeableCardViewDataSource.swift */; };
		A029D20E28FD05FD00CC034B /* AppDelegate.swift in Sources */ = {isa = PBXBuildFile; fileRef = A029D20D28FD05FD00CC034B /* AppDelegate.swift */; };
		A029D21028FD05FD00CC034B /* SceneDelegate.swift in Sources */ = {isa = PBXBuildFile; fileRef = A029D20F28FD05FD00CC034B /* SceneDelegate.swift */; };
		A029D21228FD05FD00CC034B /* ViewController.swift in Sources */ = {isa = PBXBuildFile; fileRef = A029D21128FD05FD00CC034B /* ViewController.swift */; };
		A029D21528FD05FD00CC034B /* Main.storyboard in Resources */ = {isa = PBXBuildFile; fileRef = A029D21328FD05FD00CC034B /* Main.storyboard */; };
		A029D21728FD05FF00CC034B /* Assets.xcassets in Resources */ = {isa = PBXBuildFile; fileRef = A029D21628FD05FF00CC034B /* Assets.xcassets */; };
		A029D21A28FD05FF00CC034B /* LaunchScreen.storyboard in Resources */ = {isa = PBXBuildFile; fileRef = A029D21828FD05FF00CC034B /* LaunchScreen.storyboard */; };
		A029D22528FD05FF00CC034B /* pokemon_with_widgetTests.swift in Sources */ = {isa = PBXBuildFile; fileRef = A029D22428FD05FF00CC034B /* pokemon_with_widgetTests.swift */; };
		A029D22F28FD05FF00CC034B /* pokemon_with_widgetUITests.swift in Sources */ = {isa = PBXBuildFile; fileRef = A029D22E28FD05FF00CC034B /* pokemon_with_widgetUITests.swift */; };
		A029D23128FD05FF00CC034B /* pokemon_with_widgetUITestsLaunchTests.swift in Sources */ = {isa = PBXBuildFile; fileRef = A029D23028FD05FF00CC034B /* pokemon_with_widgetUITestsLaunchTests.swift */; };
		A04A4B8728FFD2C000F21AAF /* WidgetKit.framework in Frameworks */ = {isa = PBXBuildFile; fileRef = A04A4B8628FFD2C000F21AAF /* WidgetKit.framework */; };
		A04A4B8928FFD2C000F21AAF /* SwiftUI.framework in Frameworks */ = {isa = PBXBuildFile; fileRef = A04A4B8828FFD2C000F21AAF /* SwiftUI.framework */; };
		A04A4B8C28FFD2C000F21AAF /* pokemonWidget.swift in Sources */ = {isa = PBXBuildFile; fileRef = A04A4B8B28FFD2C000F21AAF /* pokemonWidget.swift */; };
		A04A4B8F28FFD2C100F21AAF /* Assets.xcassets in Resources */ = {isa = PBXBuildFile; fileRef = A04A4B8E28FFD2C100F21AAF /* Assets.xcassets */; };
		A04A4B9128FFD2C100F21AAF /* pokemonWidget.intentdefinition in Sources */ = {isa = PBXBuildFile; fileRef = A04A4B8D28FFD2C000F21AAF /* pokemonWidget.intentdefinition */; };
		A04A4B9228FFD2C100F21AAF /* pokemonWidget.intentdefinition in Sources */ = {isa = PBXBuildFile; fileRef = A04A4B8D28FFD2C000F21AAF /* pokemonWidget.intentdefinition */; };
		A04A4B9528FFD2C100F21AAF /* pokemonWidgetExtension.appex in Embed App Extensions */ = {isa = PBXBuildFile; fileRef = A04A4B8528FFD2C000F21AAF /* pokemonWidgetExtension.appex */; settings = {ATTRIBUTES = (RemoveHeadersOnCopy, ); }; };
		EFDCD6247B3358946B3EBA43 /* Pods_pokemon_with_widgetTests.framework in Frameworks */ = {isa = PBXBuildFile; fileRef = 35FA3931F3244D4EEEE50129 /* Pods_pokemon_with_widgetTests.framework */; };
/* End PBXBuildFile section */

/* Begin PBXContainerItemProxy section */
		A029D22128FD05FF00CC034B /* PBXContainerItemProxy */ = {
			isa = PBXContainerItemProxy;
			containerPortal = A029D20228FD05FD00CC034B /* Project object */;
			proxyType = 1;
			remoteGlobalIDString = A029D20928FD05FD00CC034B;
			remoteInfo = pokemon_with_widget;
		};
		A029D22B28FD05FF00CC034B /* PBXContainerItemProxy */ = {
			isa = PBXContainerItemProxy;
			containerPortal = A029D20228FD05FD00CC034B /* Project object */;
			proxyType = 1;
			remoteGlobalIDString = A029D20928FD05FD00CC034B;
			remoteInfo = pokemon_with_widget;
		};
		A04A4B9328FFD2C100F21AAF /* PBXContainerItemProxy */ = {
			isa = PBXContainerItemProxy;
			containerPortal = A029D20228FD05FD00CC034B /* Project object */;
			proxyType = 1;
			remoteGlobalIDString = A04A4B8428FFD2C000F21AAF;
			remoteInfo = pokemonWidgetExtension;
		};
/* End PBXContainerItemProxy section */

/* Begin PBXCopyFilesBuildPhase section */
		A04A4B9628FFD2C100F21AAF /* Embed App Extensions */ = {
			isa = PBXCopyFilesBuildPhase;
			buildActionMask = 2147483647;
			dstPath = "";
			dstSubfolderSpec = 13;
			files = (
				A04A4B9528FFD2C100F21AAF /* pokemonWidgetExtension.appex in Embed App Extensions */,
			);
			name = "Embed App Extensions";
			runOnlyForDeploymentPostprocessing = 0;
		};
/* End PBXCopyFilesBuildPhase section */

/* Begin PBXFileReference section */
		0730521E292731EF00F775ED /* Poppins-Regular.ttf */ = {isa = PBXFileReference; lastKnownFileType = file; path = "Poppins-Regular.ttf"; sourceTree = "<group>"; };
		0730521F292731EF00F775ED /* Poppins-BlackItalic.ttf */ = {isa = PBXFileReference; lastKnownFileType = file; path = "Poppins-BlackItalic.ttf"; sourceTree = "<group>"; };
		07305220292731EF00F775ED /* Poppins-SemiBold.ttf */ = {isa = PBXFileReference; lastKnownFileType = file; path = "Poppins-SemiBold.ttf"; sourceTree = "<group>"; };
		07305221292731EF00F775ED /* Poppins-ExtraBold.ttf */ = {isa = PBXFileReference; lastKnownFileType = file; path = "Poppins-ExtraBold.ttf"; sourceTree = "<group>"; };
		07305222292731EF00F775ED /* Poppins-Black.ttf */ = {isa = PBXFileReference; lastKnownFileType = file; path = "Poppins-Black.ttf"; sourceTree = "<group>"; };
		07305223292731EF00F775ED /* Poppins-BoldItalic.ttf */ = {isa = PBXFileReference; lastKnownFileType = file; path = "Poppins-BoldItalic.ttf"; sourceTree = "<group>"; };
		07305224292731EF00F775ED /* Poppins-ExtraLight.ttf */ = {isa = PBXFileReference; lastKnownFileType = file; path = "Poppins-ExtraLight.ttf"; sourceTree = "<group>"; };
		07305225292731EF00F775ED /* Poppins-Italic.ttf */ = {isa = PBXFileReference; lastKnownFileType = file; path = "Poppins-Italic.ttf"; sourceTree = "<group>"; };
		07305226292731EF00F775ED /* Poppins-ExtraBoldItalic.ttf */ = {isa = PBXFileReference; lastKnownFileType = file; path = "Poppins-ExtraBoldItalic.ttf"; sourceTree = "<group>"; };
		07305227292731EF00F775ED /* Poppins-ExtraLightItalic.ttf */ = {isa = PBXFileReference; lastKnownFileType = file; path = "Poppins-ExtraLightItalic.ttf"; sourceTree = "<group>"; };
		07305228292731EF00F775ED /* Poppins-Light.ttf */ = {isa = PBXFileReference; lastKnownFileType = file; path = "Poppins-Light.ttf"; sourceTree = "<group>"; };
		07305229292731EF00F775ED /* Poppins-MediumItalic.ttf */ = {isa = PBXFileReference; lastKnownFileType = file; path = "Poppins-MediumItalic.ttf"; sourceTree = "<group>"; };
		0730522A292731EF00F775ED /* Poppins-ThinItalic.ttf */ = {isa = PBXFileReference; lastKnownFileType = file; path = "Poppins-ThinItalic.ttf"; sourceTree = "<group>"; };
		0730522B292731EF00F775ED /* Poppins-LightItalic.ttf */ = {isa = PBXFileReference; lastKnownFileType = file; path = "Poppins-LightItalic.ttf"; sourceTree = "<group>"; };
		0730522C292731EF00F775ED /* Poppins-Bold.ttf */ = {isa = PBXFileReference; lastKnownFileType = file; path = "Poppins-Bold.ttf"; sourceTree = "<group>"; };
		0730522D292731EF00F775ED /* Poppins-SemiBoldItalic.ttf */ = {isa = PBXFileReference; lastKnownFileType = file; path = "Poppins-SemiBoldItalic.ttf"; sourceTree = "<group>"; };
		0730522E292731EF00F775ED /* Poppins-Thin.ttf */ = {isa = PBXFileReference; lastKnownFileType = file; path = "Poppins-Thin.ttf"; sourceTree = "<group>"; };
		0730522F292731EF00F775ED /* Poppins-Medium.ttf */ = {isa = PBXFileReference; lastKnownFileType = file; path = "Poppins-Medium.ttf"; sourceTree = "<group>"; };
		073052452927386700F775ED /* Poppins-ThinItalic.ttf */ = {isa = PBXFileReference; lastKnownFileType = file; path = "Poppins-ThinItalic.ttf"; sourceTree = "<group>"; };
		073052462927386700F775ED /* Poppins-Italic.ttf */ = {isa = PBXFileReference; lastKnownFileType = file; path = "Poppins-Italic.ttf"; sourceTree = "<group>"; };
		073052472927386700F775ED /* Poppins-Bold.ttf */ = {isa = PBXFileReference; lastKnownFileType = file; path = "Poppins-Bold.ttf"; sourceTree = "<group>"; };
		073052482927386700F775ED /* Poppins-ExtraLightItalic.ttf */ = {isa = PBXFileReference; lastKnownFileType = file; path = "Poppins-ExtraLightItalic.ttf"; sourceTree = "<group>"; };
		073052492927386700F775ED /* Poppins-ExtraBold.ttf */ = {isa = PBXFileReference; lastKnownFileType = file; path = "Poppins-ExtraBold.ttf"; sourceTree = "<group>"; };
		0730524A2927386700F775ED /* Poppins-BoldItalic.ttf */ = {isa = PBXFileReference; lastKnownFileType = file; path = "Poppins-BoldItalic.ttf"; sourceTree = "<group>"; };
		0730524B2927386700F775ED /* Poppins-Light.ttf */ = {isa = PBXFileReference; lastKnownFileType = file; path = "Poppins-Light.ttf"; sourceTree = "<group>"; };
		0730524C2927386700F775ED /* Poppins-BlackItalic.ttf */ = {isa = PBXFileReference; lastKnownFileType = file; path = "Poppins-BlackItalic.ttf"; sourceTree = "<group>"; };
		0730524D2927386700F775ED /* Poppins-MediumItalic.ttf */ = {isa = PBXFileReference; lastKnownFileType = file; path = "Poppins-MediumItalic.ttf"; sourceTree = "<group>"; };
		0730524E2927386700F775ED /* Poppins-SemiBoldItalic.ttf */ = {isa = PBXFileReference; lastKnownFileType = file; path = "Poppins-SemiBoldItalic.ttf"; sourceTree = "<group>"; };
		0730524F2927386700F775ED /* Poppins-Medium.ttf */ = {isa = PBXFileReference; lastKnownFileType = file; path = "Poppins-Medium.ttf"; sourceTree = "<group>"; };
		073052502927386700F775ED /* Poppins-Black.ttf */ = {isa = PBXFileReference; lastKnownFileType = file; path = "Poppins-Black.ttf"; sourceTree = "<group>"; };
		073052512927386700F775ED /* Poppins-SemiBold.ttf */ = {isa = PBXFileReference; lastKnownFileType = file; path = "Poppins-SemiBold.ttf"; sourceTree = "<group>"; };
		073052522927386700F775ED /* Poppins-ExtraBoldItalic.ttf */ = {isa = PBXFileReference; lastKnownFileType = file; path = "Poppins-ExtraBoldItalic.ttf"; sourceTree = "<group>"; };
		073052532927386700F775ED /* Poppins-ExtraLight.ttf */ = {isa = PBXFileReference; lastKnownFileType = file; path = "Poppins-ExtraLight.ttf"; sourceTree = "<group>"; };
		073052542927386700F775ED /* Poppins-LightItalic.ttf */ = {isa = PBXFileReference; lastKnownFileType = file; path = "Poppins-LightItalic.ttf"; sourceTree = "<group>"; };
		073052552927386800F775ED /* Poppins-Thin.ttf */ = {isa = PBXFileReference; lastKnownFileType = file; path = "Poppins-Thin.ttf"; sourceTree = "<group>"; };
		073052562927386800F775ED /* Poppins-Regular.ttf */ = {isa = PBXFileReference; lastKnownFileType = file; path = "Poppins-Regular.ttf"; sourceTree = "<group>"; };
		1A573D8C8D77D0FE080547AC /* Pods-pokemon_with_widgetTests.debug.xcconfig */ = {isa = PBXFileReference; includeInIndex = 1; lastKnownFileType = text.xcconfig; name = "Pods-pokemon_with_widgetTests.debug.xcconfig"; path = "Target Support Files/Pods-pokemon_with_widgetTests/Pods-pokemon_with_widgetTests.debug.xcconfig"; sourceTree = "<group>"; };
		2AD1CA4CDBCE611B0AE610F1 /* Pods-pokemon_with_widget.debug.xcconfig */ = {isa = PBXFileReference; includeInIndex = 1; lastKnownFileType = text.xcconfig; name = "Pods-pokemon_with_widget.debug.xcconfig"; path = "Target Support Files/Pods-pokemon_with_widget/Pods-pokemon_with_widget.debug.xcconfig"; sourceTree = "<group>"; };
		30274913C57AA055CA1CAB99 /* Pods-pokemon_with_widget-pokemon_with_widgetUITests.release.xcconfig */ = {isa = PBXFileReference; includeInIndex = 1; lastKnownFileType = text.xcconfig; name = "Pods-pokemon_with_widget-pokemon_with_widgetUITests.release.xcconfig"; path = "Target Support Files/Pods-pokemon_with_widget-pokemon_with_widgetUITests/Pods-pokemon_with_widget-pokemon_with_widgetUITests.release.xcconfig"; sourceTree = "<group>"; };
		35FA3931F3244D4EEEE50129 /* Pods_pokemon_with_widgetTests.framework */ = {isa = PBXFileReference; explicitFileType = wrapper.framework; includeInIndex = 0; path = Pods_pokemon_with_widgetTests.framework; sourceTree = BUILT_PRODUCTS_DIR; };
		7703D76ECA1536F5DFFB4E98 /* Pods-pokemon_with_widget-pokemon_with_widgetUITests.debug.xcconfig */ = {isa = PBXFileReference; includeInIndex = 1; lastKnownFileType = text.xcconfig; name = "Pods-pokemon_with_widget-pokemon_with_widgetUITests.debug.xcconfig"; path = "Target Support Files/Pods-pokemon_with_widget-pokemon_with_widgetUITests/Pods-pokemon_with_widget-pokemon_with_widgetUITests.debug.xcconfig"; sourceTree = "<group>"; };
		9AC11CC609F8DAAAB7214C25 /* Pods_pokemon_with_widget.framework */ = {isa = PBXFileReference; explicitFileType = wrapper.framework; includeInIndex = 0; path = Pods_pokemon_with_widget.framework; sourceTree = BUILT_PRODUCTS_DIR; };
		A025194E29062DD200641BF8 /* SwipeableCardViewDataSource.swift */ = {isa = PBXFileReference; lastKnownFileType = sourcecode.swift; path = SwipeableCardViewDataSource.swift; sourceTree = "<group>"; };
		A029D20A28FD05FD00CC034B /* pokemon_with_widget.app */ = {isa = PBXFileReference; explicitFileType = wrapper.application; includeInIndex = 0; path = pokemon_with_widget.app; sourceTree = BUILT_PRODUCTS_DIR; };
		A029D20D28FD05FD00CC034B /* AppDelegate.swift */ = {isa = PBXFileReference; lastKnownFileType = sourcecode.swift; path = AppDelegate.swift; sourceTree = "<group>"; };
		A029D20F28FD05FD00CC034B /* SceneDelegate.swift */ = {isa = PBXFileReference; lastKnownFileType = sourcecode.swift; path = SceneDelegate.swift; sourceTree = "<group>"; };
		A029D21128FD05FD00CC034B /* ViewController.swift */ = {isa = PBXFileReference; lastKnownFileType = sourcecode.swift; path = ViewController.swift; sourceTree = "<group>"; };
		A029D21428FD05FD00CC034B /* Base */ = {isa = PBXFileReference; lastKnownFileType = file.storyboard; name = Base; path = Base.lproj/Main.storyboard; sourceTree = "<group>"; };
		A029D21628FD05FF00CC034B /* Assets.xcassets */ = {isa = PBXFileReference; lastKnownFileType = folder.assetcatalog; path = Assets.xcassets; sourceTree = "<group>"; };
		A029D21928FD05FF00CC034B /* Base */ = {isa = PBXFileReference; lastKnownFileType = file.storyboard; name = Base; path = Base.lproj/LaunchScreen.storyboard; sourceTree = "<group>"; };
		A029D21B28FD05FF00CC034B /* Info.plist */ = {isa = PBXFileReference; lastKnownFileType = text.plist.xml; path = Info.plist; sourceTree = "<group>"; };
		A029D22028FD05FF00CC034B /* pokemon_with_widgetTests.xctest */ = {isa = PBXFileReference; explicitFileType = wrapper.cfbundle; includeInIndex = 0; path = pokemon_with_widgetTests.xctest; sourceTree = BUILT_PRODUCTS_DIR; };
		A029D22428FD05FF00CC034B /* pokemon_with_widgetTests.swift */ = {isa = PBXFileReference; lastKnownFileType = sourcecode.swift; path = pokemon_with_widgetTests.swift; sourceTree = "<group>"; };
		A029D22A28FD05FF00CC034B /* pokemon_with_widgetUITests.xctest */ = {isa = PBXFileReference; explicitFileType = wrapper.cfbundle; includeInIndex = 0; path = pokemon_with_widgetUITests.xctest; sourceTree = BUILT_PRODUCTS_DIR; };
		A029D22E28FD05FF00CC034B /* pokemon_with_widgetUITests.swift */ = {isa = PBXFileReference; lastKnownFileType = sourcecode.swift; path = pokemon_with_widgetUITests.swift; sourceTree = "<group>"; };
		A029D23028FD05FF00CC034B /* pokemon_with_widgetUITestsLaunchTests.swift */ = {isa = PBXFileReference; lastKnownFileType = sourcecode.swift; path = pokemon_with_widgetUITestsLaunchTests.swift; sourceTree = "<group>"; };
		A04A4B8528FFD2C000F21AAF /* pokemonWidgetExtension.appex */ = {isa = PBXFileReference; explicitFileType = "wrapper.app-extension"; includeInIndex = 0; path = pokemonWidgetExtension.appex; sourceTree = BUILT_PRODUCTS_DIR; };
		A04A4B8628FFD2C000F21AAF /* WidgetKit.framework */ = {isa = PBXFileReference; lastKnownFileType = wrapper.framework; name = WidgetKit.framework; path = System/Library/Frameworks/WidgetKit.framework; sourceTree = SDKROOT; };
		A04A4B8828FFD2C000F21AAF /* SwiftUI.framework */ = {isa = PBXFileReference; lastKnownFileType = wrapper.framework; name = SwiftUI.framework; path = System/Library/Frameworks/SwiftUI.framework; sourceTree = SDKROOT; };
		A04A4B8B28FFD2C000F21AAF /* pokemonWidget.swift */ = {isa = PBXFileReference; lastKnownFileType = sourcecode.swift; path = pokemonWidget.swift; sourceTree = "<group>"; };
		A04A4B8D28FFD2C000F21AAF /* pokemonWidget.intentdefinition */ = {isa = PBXFileReference; lastKnownFileType = file.intentdefinition; path = pokemonWidget.intentdefinition; sourceTree = "<group>"; };
		A04A4B8E28FFD2C100F21AAF /* Assets.xcassets */ = {isa = PBXFileReference; lastKnownFileType = folder.assetcatalog; path = Assets.xcassets; sourceTree = "<group>"; };
		A04A4B9028FFD2C100F21AAF /* Info.plist */ = {isa = PBXFileReference; lastKnownFileType = text.plist.xml; path = Info.plist; sourceTree = "<group>"; };
		AF55705242BE3C9F62400593 /* Pods-pokemon_with_widget.release.xcconfig */ = {isa = PBXFileReference; includeInIndex = 1; lastKnownFileType = text.xcconfig; name = "Pods-pokemon_with_widget.release.xcconfig"; path = "Target Support Files/Pods-pokemon_with_widget/Pods-pokemon_with_widget.release.xcconfig"; sourceTree = "<group>"; };
		BCA67CA0C7C5C3BB5DA43A7F /* Pods_pokemon_with_widget_pokemon_with_widgetUITests.framework */ = {isa = PBXFileReference; explicitFileType = wrapper.framework; includeInIndex = 0; path = Pods_pokemon_with_widget_pokemon_with_widgetUITests.framework; sourceTree = BUILT_PRODUCTS_DIR; };
		D6AF687E33F059012CD9C6BA /* Pods-pokemon_with_widgetTests.release.xcconfig */ = {isa = PBXFileReference; includeInIndex = 1; lastKnownFileType = text.xcconfig; name = "Pods-pokemon_with_widgetTests.release.xcconfig"; path = "Target Support Files/Pods-pokemon_with_widgetTests/Pods-pokemon_with_widgetTests.release.xcconfig"; sourceTree = "<group>"; };
/* End PBXFileReference section */

/* Begin PBXFrameworksBuildPhase section */
		A029D20728FD05FD00CC034B /* Frameworks */ = {
			isa = PBXFrameworksBuildPhase;
			buildActionMask = 2147483647;
			files = (
				2FA9CBF2CAFA3DDE69E10061 /* Pods_pokemon_with_widget.framework in Frameworks */,
			);
			runOnlyForDeploymentPostprocessing = 0;
		};
		A029D21D28FD05FF00CC034B /* Frameworks */ = {
			isa = PBXFrameworksBuildPhase;
			buildActionMask = 2147483647;
			files = (
				EFDCD6247B3358946B3EBA43 /* Pods_pokemon_with_widgetTests.framework in Frameworks */,
			);
			runOnlyForDeploymentPostprocessing = 0;
		};
		A029D22728FD05FF00CC034B /* Frameworks */ = {
			isa = PBXFrameworksBuildPhase;
			buildActionMask = 2147483647;
			files = (
				1034A52EA2023370C93962B9 /* Pods_pokemon_with_widget_pokemon_with_widgetUITests.framework in Frameworks */,
			);
			runOnlyForDeploymentPostprocessing = 0;
		};
		A04A4B8228FFD2C000F21AAF /* Frameworks */ = {
			isa = PBXFrameworksBuildPhase;
			buildActionMask = 2147483647;
			files = (
				A04A4B8928FFD2C000F21AAF /* SwiftUI.framework in Frameworks */,
				A04A4B8728FFD2C000F21AAF /* WidgetKit.framework in Frameworks */,
			);
			runOnlyForDeploymentPostprocessing = 0;
		};
/* End PBXFrameworksBuildPhase section */

/* Begin PBXGroup section */
		0730521C2927319100F775ED /* Assets */ = {
			isa = PBXGroup;
			children = (
				0730521D2927319A00F775ED /* Fonts */,
			);
			path = Assets;
			sourceTree = "<group>";
		};
		0730521D2927319A00F775ED /* Fonts */ = {
			isa = PBXGroup;
			children = (
				07305222292731EF00F775ED /* Poppins-Black.ttf */,
				0730521F292731EF00F775ED /* Poppins-BlackItalic.ttf */,
				0730522C292731EF00F775ED /* Poppins-Bold.ttf */,
				07305223292731EF00F775ED /* Poppins-BoldItalic.ttf */,
				07305221292731EF00F775ED /* Poppins-ExtraBold.ttf */,
				07305226292731EF00F775ED /* Poppins-ExtraBoldItalic.ttf */,
				07305224292731EF00F775ED /* Poppins-ExtraLight.ttf */,
				07305227292731EF00F775ED /* Poppins-ExtraLightItalic.ttf */,
				07305225292731EF00F775ED /* Poppins-Italic.ttf */,
				07305228292731EF00F775ED /* Poppins-Light.ttf */,
				0730522B292731EF00F775ED /* Poppins-LightItalic.ttf */,
				0730522F292731EF00F775ED /* Poppins-Medium.ttf */,
				07305229292731EF00F775ED /* Poppins-MediumItalic.ttf */,
				0730521E292731EF00F775ED /* Poppins-Regular.ttf */,
				07305220292731EF00F775ED /* Poppins-SemiBold.ttf */,
				0730522D292731EF00F775ED /* Poppins-SemiBoldItalic.ttf */,
				0730522E292731EF00F775ED /* Poppins-Thin.ttf */,
				0730522A292731EF00F775ED /* Poppins-ThinItalic.ttf */,
			);
			path = Fonts;
			sourceTree = "<group>";
		};
		073052442927385500F775ED /* Fonts */ = {
			isa = PBXGroup;
			children = (
				073052502927386700F775ED /* Poppins-Black.ttf */,
				0730524C2927386700F775ED /* Poppins-BlackItalic.ttf */,
				073052472927386700F775ED /* Poppins-Bold.ttf */,
				0730524A2927386700F775ED /* Poppins-BoldItalic.ttf */,
				073052492927386700F775ED /* Poppins-ExtraBold.ttf */,
				073052522927386700F775ED /* Poppins-ExtraBoldItalic.ttf */,
				073052532927386700F775ED /* Poppins-ExtraLight.ttf */,
				073052482927386700F775ED /* Poppins-ExtraLightItalic.ttf */,
				073052462927386700F775ED /* Poppins-Italic.ttf */,
				0730524B2927386700F775ED /* Poppins-Light.ttf */,
				073052542927386700F775ED /* Poppins-LightItalic.ttf */,
				0730524F2927386700F775ED /* Poppins-Medium.ttf */,
				0730524D2927386700F775ED /* Poppins-MediumItalic.ttf */,
				073052562927386800F775ED /* Poppins-Regular.ttf */,
				073052512927386700F775ED /* Poppins-SemiBold.ttf */,
				0730524E2927386700F775ED /* Poppins-SemiBoldItalic.ttf */,
				073052552927386800F775ED /* Poppins-Thin.ttf */,
				073052452927386700F775ED /* Poppins-ThinItalic.ttf */,
			);
			path = Fonts;
			sourceTree = "<group>";
		};
		24031FF2675AD8EAEF103171 /* Pods */ = {
			isa = PBXGroup;
			children = (
				2AD1CA4CDBCE611B0AE610F1 /* Pods-pokemon_with_widget.debug.xcconfig */,
				AF55705242BE3C9F62400593 /* Pods-pokemon_with_widget.release.xcconfig */,
				7703D76ECA1536F5DFFB4E98 /* Pods-pokemon_with_widget-pokemon_with_widgetUITests.debug.xcconfig */,
				30274913C57AA055CA1CAB99 /* Pods-pokemon_with_widget-pokemon_with_widgetUITests.release.xcconfig */,
				1A573D8C8D77D0FE080547AC /* Pods-pokemon_with_widgetTests.debug.xcconfig */,
				D6AF687E33F059012CD9C6BA /* Pods-pokemon_with_widgetTests.release.xcconfig */,
			);
			path = Pods;
			sourceTree = "<group>";
		};
		A025194D29062D9F00641BF8 /* New Group */ = {
			isa = PBXGroup;
			children = (
				A025194E29062DD200641BF8 /* SwipeableCardViewDataSource.swift */,
			);
			path = "New Group";
			sourceTree = "<group>";
		};
		A029D20128FD05FD00CC034B = {
			isa = PBXGroup;
			children = (
				A029D20C28FD05FD00CC034B /* pokemon_with_widget */,
				A029D22328FD05FF00CC034B /* pokemon_with_widgetTests */,
				A029D22D28FD05FF00CC034B /* pokemon_with_widgetUITests */,
				A04A4B8A28FFD2C000F21AAF /* pokemonWidget */,
				A029D20B28FD05FD00CC034B /* Products */,
				24031FF2675AD8EAEF103171 /* Pods */,
				A6AF0743E650D6EDBCFD7538 /* Frameworks */,
			);
			sourceTree = "<group>";
		};
		A029D20B28FD05FD00CC034B /* Products */ = {
			isa = PBXGroup;
			children = (
				A029D20A28FD05FD00CC034B /* pokemon_with_widget.app */,
				A029D22028FD05FF00CC034B /* pokemon_with_widgetTests.xctest */,
				A029D22A28FD05FF00CC034B /* pokemon_with_widgetUITests.xctest */,
				A04A4B8528FFD2C000F21AAF /* pokemonWidgetExtension.appex */,
			);
			name = Products;
			sourceTree = "<group>";
		};
		A029D20C28FD05FD00CC034B /* pokemon_with_widget */ = {
			isa = PBXGroup;
			children = (
				0730521C2927319100F775ED /* Assets */,
				A025194D29062D9F00641BF8 /* New Group */,
				A029D20D28FD05FD00CC034B /* AppDelegate.swift */,
				A029D20F28FD05FD00CC034B /* SceneDelegate.swift */,
				A029D21128FD05FD00CC034B /* ViewController.swift */,
				A029D21328FD05FD00CC034B /* Main.storyboard */,
				A029D21628FD05FF00CC034B /* Assets.xcassets */,
				A029D21828FD05FF00CC034B /* LaunchScreen.storyboard */,
				A029D21B28FD05FF00CC034B /* Info.plist */,
			);
			path = pokemon_with_widget;
			sourceTree = "<group>";
		};
		A029D22328FD05FF00CC034B /* pokemon_with_widgetTests */ = {
			isa = PBXGroup;
			children = (
				A029D22428FD05FF00CC034B /* pokemon_with_widgetTests.swift */,
			);
			path = pokemon_with_widgetTests;
			sourceTree = "<group>";
		};
		A029D22D28FD05FF00CC034B /* pokemon_with_widgetUITests */ = {
			isa = PBXGroup;
			children = (
				A029D22E28FD05FF00CC034B /* pokemon_with_widgetUITests.swift */,
				A029D23028FD05FF00CC034B /* pokemon_with_widgetUITestsLaunchTests.swift */,
			);
			path = pokemon_with_widgetUITests;
			sourceTree = "<group>";
		};
		A04A4B8A28FFD2C000F21AAF /* pokemonWidget */ = {
			isa = PBXGroup;
			children = (
				073052442927385500F775ED /* Fonts */,
				A04A4B8B28FFD2C000F21AAF /* pokemonWidget.swift */,
				A04A4B8D28FFD2C000F21AAF /* pokemonWidget.intentdefinition */,
				A04A4B8E28FFD2C100F21AAF /* Assets.xcassets */,
				A04A4B9028FFD2C100F21AAF /* Info.plist */,
			);
			path = pokemonWidget;
			sourceTree = "<group>";
		};
		A6AF0743E650D6EDBCFD7538 /* Frameworks */ = {
			isa = PBXGroup;
			children = (
				9AC11CC609F8DAAAB7214C25 /* Pods_pokemon_with_widget.framework */,
				BCA67CA0C7C5C3BB5DA43A7F /* Pods_pokemon_with_widget_pokemon_with_widgetUITests.framework */,
				35FA3931F3244D4EEEE50129 /* Pods_pokemon_with_widgetTests.framework */,
				A04A4B8628FFD2C000F21AAF /* WidgetKit.framework */,
				A04A4B8828FFD2C000F21AAF /* SwiftUI.framework */,
			);
			name = Frameworks;
			sourceTree = "<group>";
		};
/* End PBXGroup section */

/* Begin PBXNativeTarget section */
		A029D20928FD05FD00CC034B /* pokemon_with_widget */ = {
			isa = PBXNativeTarget;
			buildConfigurationList = A029D23428FD05FF00CC034B /* Build configuration list for PBXNativeTarget "pokemon_with_widget" */;
			buildPhases = (
				813C36B45A503EFD96863060 /* [CP] Check Pods Manifest.lock */,
				A029D20628FD05FD00CC034B /* Sources */,
				A029D20728FD05FD00CC034B /* Frameworks */,
				A029D20828FD05FD00CC034B /* Resources */,
				5DA5DB246354C8D587BE9912 /* [CP] Embed Pods Frameworks */,
				A04A4B9628FFD2C100F21AAF /* Embed App Extensions */,
			);
			buildRules = (
			);
			dependencies = (
				A04A4B9428FFD2C100F21AAF /* PBXTargetDependency */,
			);
			name = pokemon_with_widget;
			productName = pokemon_with_widget;
			productReference = A029D20A28FD05FD00CC034B /* pokemon_with_widget.app */;
			productType = "com.apple.product-type.application";
		};
		A029D21F28FD05FF00CC034B /* pokemon_with_widgetTests */ = {
			isa = PBXNativeTarget;
			buildConfigurationList = A029D23728FD05FF00CC034B /* Build configuration list for PBXNativeTarget "pokemon_with_widgetTests" */;
			buildPhases = (
				EF0570B0610B1B3A267F3AC2 /* [CP] Check Pods Manifest.lock */,
				A029D21C28FD05FF00CC034B /* Sources */,
				A029D21D28FD05FF00CC034B /* Frameworks */,
				A029D21E28FD05FF00CC034B /* Resources */,
			);
			buildRules = (
			);
			dependencies = (
				A029D22228FD05FF00CC034B /* PBXTargetDependency */,
			);
			name = pokemon_with_widgetTests;
			productName = pokemon_with_widgetTests;
			productReference = A029D22028FD05FF00CC034B /* pokemon_with_widgetTests.xctest */;
			productType = "com.apple.product-type.bundle.unit-test";
		};
		A029D22928FD05FF00CC034B /* pokemon_with_widgetUITests */ = {
			isa = PBXNativeTarget;
			buildConfigurationList = A029D23A28FD05FF00CC034B /* Build configuration list for PBXNativeTarget "pokemon_with_widgetUITests" */;
			buildPhases = (
				7D7BDD8E5A75CC84DBC96AD2 /* [CP] Check Pods Manifest.lock */,
				A029D22628FD05FF00CC034B /* Sources */,
				A029D22728FD05FF00CC034B /* Frameworks */,
				A029D22828FD05FF00CC034B /* Resources */,
				4562824F252B43E5FB798793 /* [CP] Embed Pods Frameworks */,
			);
			buildRules = (
			);
			dependencies = (
				A029D22C28FD05FF00CC034B /* PBXTargetDependency */,
			);
			name = pokemon_with_widgetUITests;
			productName = pokemon_with_widgetUITests;
			productReference = A029D22A28FD05FF00CC034B /* pokemon_with_widgetUITests.xctest */;
			productType = "com.apple.product-type.bundle.ui-testing";
		};
		A04A4B8428FFD2C000F21AAF /* pokemonWidgetExtension */ = {
			isa = PBXNativeTarget;
			buildConfigurationList = A04A4B9928FFD2C100F21AAF /* Build configuration list for PBXNativeTarget "pokemonWidgetExtension" */;
			buildPhases = (
				A04A4B8128FFD2C000F21AAF /* Sources */,
				A04A4B8228FFD2C000F21AAF /* Frameworks */,
				A04A4B8328FFD2C000F21AAF /* Resources */,
			);
			buildRules = (
			);
			dependencies = (
			);
			name = pokemonWidgetExtension;
			productName = pokemonWidgetExtension;
			productReference = A04A4B8528FFD2C000F21AAF /* pokemonWidgetExtension.appex */;
			productType = "com.apple.product-type.app-extension";
		};
/* End PBXNativeTarget section */

/* Begin PBXProject section */
		A029D20228FD05FD00CC034B /* Project object */ = {
			isa = PBXProject;
			attributes = {
				BuildIndependentTargetsInParallel = 1;
				LastSwiftUpdateCheck = 1330;
				LastUpgradeCheck = 1330;
				TargetAttributes = {
					A029D20928FD05FD00CC034B = {
						CreatedOnToolsVersion = 13.3.1;
					};
					A029D21F28FD05FF00CC034B = {
						CreatedOnToolsVersion = 13.3.1;
						TestTargetID = A029D20928FD05FD00CC034B;
					};
					A029D22928FD05FF00CC034B = {
						CreatedOnToolsVersion = 13.3.1;
						TestTargetID = A029D20928FD05FD00CC034B;
					};
					A04A4B8428FFD2C000F21AAF = {
						CreatedOnToolsVersion = 13.3.1;
					};
				};
			};
			buildConfigurationList = A029D20528FD05FD00CC034B /* Build configuration list for PBXProject "pokemon_with_widget" */;
			compatibilityVersion = "Xcode 13.0";
			developmentRegion = en;
			hasScannedForEncodings = 0;
			knownRegions = (
				en,
				Base,
			);
			mainGroup = A029D20128FD05FD00CC034B;
			productRefGroup = A029D20B28FD05FD00CC034B /* Products */;
			projectDirPath = "";
			projectRoot = "";
			targets = (
				A029D20928FD05FD00CC034B /* pokemon_with_widget */,
				A029D21F28FD05FF00CC034B /* pokemon_with_widgetTests */,
				A029D22928FD05FF00CC034B /* pokemon_with_widgetUITests */,
				A04A4B8428FFD2C000F21AAF /* pokemonWidgetExtension */,
			);
		};
/* End PBXProject section */

/* Begin PBXResourcesBuildPhase section */
		A029D20828FD05FD00CC034B /* Resources */ = {
			isa = PBXResourcesBuildPhase;
			buildActionMask = 2147483647;
			files = (
				0730523D292731EF00F775ED /* Poppins-LightItalic.ttf in Resources */,
				0730523F292731EF00F775ED /* Poppins-SemiBoldItalic.ttf in Resources */,
				0730523E292731EF00F775ED /* Poppins-Bold.ttf in Resources */,
				07305238292731EF00F775ED /* Poppins-ExtraBoldItalic.ttf in Resources */,
				0730523C292731EF00F775ED /* Poppins-ThinItalic.ttf in Resources */,
				07305236292731EF00F775ED /* Poppins-ExtraLight.ttf in Resources */,
				07305235292731EF00F775ED /* Poppins-BoldItalic.ttf in Resources */,
				07305234292731EF00F775ED /* Poppins-Black.ttf in Resources */,
				0730523B292731EF00F775ED /* Poppins-MediumItalic.ttf in Resources */,
				07305240292731EF00F775ED /* Poppins-Thin.ttf in Resources */,
				A029D21A28FD05FF00CC034B /* LaunchScreen.storyboard in Resources */,
				A029D21728FD05FF00CC034B /* Assets.xcassets in Resources */,
				07305231292731EF00F775ED /* Poppins-BlackItalic.ttf in Resources */,
				0730523A292731EF00F775ED /* Poppins-Light.ttf in Resources */,
				07305233292731EF00F775ED /* Poppins-ExtraBold.ttf in Resources */,
				07305241292731EF00F775ED /* Poppins-Medium.ttf in Resources */,
				07305239292731EF00F775ED /* Poppins-ExtraLightItalic.ttf in Resources */,
				07305237292731EF00F775ED /* Poppins-Italic.ttf in Resources */,
				07305232292731EF00F775ED /* Poppins-SemiBold.ttf in Resources */,
				A029D21528FD05FD00CC034B /* Main.storyboard in Resources */,
				07305230292731EF00F775ED /* Poppins-Regular.ttf in Resources */,
			);
			runOnlyForDeploymentPostprocessing = 0;
		};
		A029D21E28FD05FF00CC034B /* Resources */ = {
			isa = PBXResourcesBuildPhase;
			buildActionMask = 2147483647;
			files = (
			);
			runOnlyForDeploymentPostprocessing = 0;
		};
		A029D22828FD05FF00CC034B /* Resources */ = {
			isa = PBXResourcesBuildPhase;
			buildActionMask = 2147483647;
			files = (
			);
			runOnlyForDeploymentPostprocessing = 0;
		};
		A04A4B8328FFD2C000F21AAF /* Resources */ = {
			isa = PBXResourcesBuildPhase;
			buildActionMask = 2147483647;
			files = (
				073052662927386800F775ED /* Poppins-LightItalic.ttf in Resources */,
				073052602927386800F775ED /* Poppins-SemiBoldItalic.ttf in Resources */,
				073052632927386800F775ED /* Poppins-SemiBold.ttf in Resources */,
				073052672927386800F775ED /* Poppins-Thin.ttf in Resources */,
				073052582927386800F775ED /* Poppins-Italic.ttf in Resources */,
				A04A4B8F28FFD2C100F21AAF /* Assets.xcassets in Resources */,
				073052652927386800F775ED /* Poppins-ExtraLight.ttf in Resources */,
				073052622927386800F775ED /* Poppins-Black.ttf in Resources */,
				0730525C2927386800F775ED /* Poppins-BoldItalic.ttf in Resources */,
				0730525D2927386800F775ED /* Poppins-Light.ttf in Resources */,
				0730525A2927386800F775ED /* Poppins-ExtraLightItalic.ttf in Resources */,
				073052572927386800F775ED /* Poppins-ThinItalic.ttf in Resources */,
				073052642927386800F775ED /* Poppins-ExtraBoldItalic.ttf in Resources */,
				0730525B2927386800F775ED /* Poppins-ExtraBold.ttf in Resources */,
				0730525E2927386800F775ED /* Poppins-BlackItalic.ttf in Resources */,
				073052612927386800F775ED /* Poppins-Medium.ttf in Resources */,
				073052592927386800F775ED /* Poppins-Bold.ttf in Resources */,
				073052682927386800F775ED /* Poppins-Regular.ttf in Resources */,
				0730525F2927386800F775ED /* Poppins-MediumItalic.ttf in Resources */,
			);
			runOnlyForDeploymentPostprocessing = 0;
		};
/* End PBXResourcesBuildPhase section */

/* Begin PBXShellScriptBuildPhase section */
		4562824F252B43E5FB798793 /* [CP] Embed Pods Frameworks */ = {
			isa = PBXShellScriptBuildPhase;
			buildActionMask = 2147483647;
			files = (
			);
			inputFileListPaths = (
				"${PODS_ROOT}/Target Support Files/Pods-pokemon_with_widget-pokemon_with_widgetUITests/Pods-pokemon_with_widget-pokemon_with_widgetUITests-frameworks-${CONFIGURATION}-input-files.xcfilelist",
			);
			name = "[CP] Embed Pods Frameworks";
			outputFileListPaths = (
				"${PODS_ROOT}/Target Support Files/Pods-pokemon_with_widget-pokemon_with_widgetUITests/Pods-pokemon_with_widget-pokemon_with_widgetUITests-frameworks-${CONFIGURATION}-output-files.xcfilelist",
			);
			runOnlyForDeploymentPostprocessing = 0;
			shellPath = /bin/sh;
			shellScript = "\"${PODS_ROOT}/Target Support Files/Pods-pokemon_with_widget-pokemon_with_widgetUITests/Pods-pokemon_with_widget-pokemon_with_widgetUITests-frameworks.sh\"\n";
			showEnvVarsInLog = 0;
		};
		5DA5DB246354C8D587BE9912 /* [CP] Embed Pods Frameworks */ = {
			isa = PBXShellScriptBuildPhase;
			buildActionMask = 2147483647;
			files = (
			);
			inputFileListPaths = (
				"${PODS_ROOT}/Target Support Files/Pods-pokemon_with_widget/Pods-pokemon_with_widget-frameworks-${CONFIGURATION}-input-files.xcfilelist",
			);
			name = "[CP] Embed Pods Frameworks";
			outputFileListPaths = (
				"${PODS_ROOT}/Target Support Files/Pods-pokemon_with_widget/Pods-pokemon_with_widget-frameworks-${CONFIGURATION}-output-files.xcfilelist",
			);
			runOnlyForDeploymentPostprocessing = 0;
			shellPath = /bin/sh;
			shellScript = "\"${PODS_ROOT}/Target Support Files/Pods-pokemon_with_widget/Pods-pokemon_with_widget-frameworks.sh\"\n";
			showEnvVarsInLog = 0;
		};
		7D7BDD8E5A75CC84DBC96AD2 /* [CP] Check Pods Manifest.lock */ = {
			isa = PBXShellScriptBuildPhase;
			buildActionMask = 2147483647;
			files = (
			);
			inputFileListPaths = (
			);
			inputPaths = (
				"${PODS_PODFILE_DIR_PATH}/Podfile.lock",
				"${PODS_ROOT}/Manifest.lock",
			);
			name = "[CP] Check Pods Manifest.lock";
			outputFileListPaths = (
			);
			outputPaths = (
				"$(DERIVED_FILE_DIR)/Pods-pokemon_with_widget-pokemon_with_widgetUITests-checkManifestLockResult.txt",
			);
			runOnlyForDeploymentPostprocessing = 0;
			shellPath = /bin/sh;
			shellScript = "diff \"${PODS_PODFILE_DIR_PATH}/Podfile.lock\" \"${PODS_ROOT}/Manifest.lock\" > /dev/null\nif [ $? != 0 ] ; then\n    # print error to STDERR\n    echo \"error: The sandbox is not in sync with the Podfile.lock. Run 'pod install' or update your CocoaPods installation.\" >&2\n    exit 1\nfi\n# This output is used by Xcode 'outputs' to avoid re-running this script phase.\necho \"SUCCESS\" > \"${SCRIPT_OUTPUT_FILE_0}\"\n";
			showEnvVarsInLog = 0;
		};
		813C36B45A503EFD96863060 /* [CP] Check Pods Manifest.lock */ = {
			isa = PBXShellScriptBuildPhase;
			buildActionMask = 2147483647;
			files = (
			);
			inputFileListPaths = (
			);
			inputPaths = (
				"${PODS_PODFILE_DIR_PATH}/Podfile.lock",
				"${PODS_ROOT}/Manifest.lock",
			);
			name = "[CP] Check Pods Manifest.lock";
			outputFileListPaths = (
			);
			outputPaths = (
				"$(DERIVED_FILE_DIR)/Pods-pokemon_with_widget-checkManifestLockResult.txt",
			);
			runOnlyForDeploymentPostprocessing = 0;
			shellPath = /bin/sh;
			shellScript = "diff \"${PODS_PODFILE_DIR_PATH}/Podfile.lock\" \"${PODS_ROOT}/Manifest.lock\" > /dev/null\nif [ $? != 0 ] ; then\n    # print error to STDERR\n    echo \"error: The sandbox is not in sync with the Podfile.lock. Run 'pod install' or update your CocoaPods installation.\" >&2\n    exit 1\nfi\n# This output is used by Xcode 'outputs' to avoid re-running this script phase.\necho \"SUCCESS\" > \"${SCRIPT_OUTPUT_FILE_0}\"\n";
			showEnvVarsInLog = 0;
		};
		EF0570B0610B1B3A267F3AC2 /* [CP] Check Pods Manifest.lock */ = {
			isa = PBXShellScriptBuildPhase;
			buildActionMask = 2147483647;
			files = (
			);
			inputFileListPaths = (
			);
			inputPaths = (
				"${PODS_PODFILE_DIR_PATH}/Podfile.lock",
				"${PODS_ROOT}/Manifest.lock",
			);
			name = "[CP] Check Pods Manifest.lock";
			outputFileListPaths = (
			);
			outputPaths = (
				"$(DERIVED_FILE_DIR)/Pods-pokemon_with_widgetTests-checkManifestLockResult.txt",
			);
			runOnlyForDeploymentPostprocessing = 0;
			shellPath = /bin/sh;
			shellScript = "diff \"${PODS_PODFILE_DIR_PATH}/Podfile.lock\" \"${PODS_ROOT}/Manifest.lock\" > /dev/null\nif [ $? != 0 ] ; then\n    # print error to STDERR\n    echo \"error: The sandbox is not in sync with the Podfile.lock. Run 'pod install' or update your CocoaPods installation.\" >&2\n    exit 1\nfi\n# This output is used by Xcode 'outputs' to avoid re-running this script phase.\necho \"SUCCESS\" > \"${SCRIPT_OUTPUT_FILE_0}\"\n";
			showEnvVarsInLog = 0;
		};
/* End PBXShellScriptBuildPhase section */

/* Begin PBXSourcesBuildPhase section */
		A029D20628FD05FD00CC034B /* Sources */ = {
			isa = PBXSourcesBuildPhase;
			buildActionMask = 2147483647;
			files = (
				A04A4B9228FFD2C100F21AAF /* pokemonWidget.intentdefinition in Sources */,
				A029D21228FD05FD00CC034B /* ViewController.swift in Sources */,
				A029D20E28FD05FD00CC034B /* AppDelegate.swift in Sources */,
				A025194F29062DD200641BF8 /* SwipeableCardViewDataSource.swift in Sources */,
				A029D21028FD05FD00CC034B /* SceneDelegate.swift in Sources */,
			);
			runOnlyForDeploymentPostprocessing = 0;
		};
		A029D21C28FD05FF00CC034B /* Sources */ = {
			isa = PBXSourcesBuildPhase;
			buildActionMask = 2147483647;
			files = (
				A029D22528FD05FF00CC034B /* pokemon_with_widgetTests.swift in Sources */,
			);
			runOnlyForDeploymentPostprocessing = 0;
		};
		A029D22628FD05FF00CC034B /* Sources */ = {
			isa = PBXSourcesBuildPhase;
			buildActionMask = 2147483647;
			files = (
				A029D23128FD05FF00CC034B /* pokemon_with_widgetUITestsLaunchTests.swift in Sources */,
				A029D22F28FD05FF00CC034B /* pokemon_with_widgetUITests.swift in Sources */,
			);
			runOnlyForDeploymentPostprocessing = 0;
		};
		A04A4B8128FFD2C000F21AAF /* Sources */ = {
			isa = PBXSourcesBuildPhase;
			buildActionMask = 2147483647;
			files = (
				A04A4B9128FFD2C100F21AAF /* pokemonWidget.intentdefinition in Sources */,
				A04A4B8C28FFD2C000F21AAF /* pokemonWidget.swift in Sources */,
			);
			runOnlyForDeploymentPostprocessing = 0;
		};
/* End PBXSourcesBuildPhase section */

/* Begin PBXTargetDependency section */
		A029D22228FD05FF00CC034B /* PBXTargetDependency */ = {
			isa = PBXTargetDependency;
			target = A029D20928FD05FD00CC034B /* pokemon_with_widget */;
			targetProxy = A029D22128FD05FF00CC034B /* PBXContainerItemProxy */;
		};
		A029D22C28FD05FF00CC034B /* PBXTargetDependency */ = {
			isa = PBXTargetDependency;
			target = A029D20928FD05FD00CC034B /* pokemon_with_widget */;
			targetProxy = A029D22B28FD05FF00CC034B /* PBXContainerItemProxy */;
		};
		A04A4B9428FFD2C100F21AAF /* PBXTargetDependency */ = {
			isa = PBXTargetDependency;
			target = A04A4B8428FFD2C000F21AAF /* pokemonWidgetExtension */;
			targetProxy = A04A4B9328FFD2C100F21AAF /* PBXContainerItemProxy */;
		};
/* End PBXTargetDependency section */

/* Begin PBXVariantGroup section */
		A029D21328FD05FD00CC034B /* Main.storyboard */ = {
			isa = PBXVariantGroup;
			children = (
				A029D21428FD05FD00CC034B /* Base */,
			);
			name = Main.storyboard;
			sourceTree = "<group>";
		};
		A029D21828FD05FF00CC034B /* LaunchScreen.storyboard */ = {
			isa = PBXVariantGroup;
			children = (
				A029D21928FD05FF00CC034B /* Base */,
			);
			name = LaunchScreen.storyboard;
			sourceTree = "<group>";
		};
/* End PBXVariantGroup section */

/* Begin XCBuildConfiguration section */
		A029D23228FD05FF00CC034B /* Debug */ = {
			isa = XCBuildConfiguration;
			buildSettings = {
				ALWAYS_SEARCH_USER_PATHS = NO;
				CLANG_ANALYZER_NONNULL = YES;
				CLANG_ANALYZER_NUMBER_OBJECT_CONVERSION = YES_AGGRESSIVE;
				CLANG_CXX_LANGUAGE_STANDARD = "gnu++17";
				CLANG_ENABLE_MODULES = YES;
				CLANG_ENABLE_OBJC_ARC = YES;
				CLANG_ENABLE_OBJC_WEAK = YES;
				CLANG_WARN_BLOCK_CAPTURE_AUTORELEASING = YES;
				CLANG_WARN_BOOL_CONVERSION = YES;
				CLANG_WARN_COMMA = YES;
				CLANG_WARN_CONSTANT_CONVERSION = YES;
				CLANG_WARN_DEPRECATED_OBJC_IMPLEMENTATIONS = YES;
				CLANG_WARN_DIRECT_OBJC_ISA_USAGE = YES_ERROR;
				CLANG_WARN_DOCUMENTATION_COMMENTS = YES;
				CLANG_WARN_EMPTY_BODY = YES;
				CLANG_WARN_ENUM_CONVERSION = YES;
				CLANG_WARN_INFINITE_RECURSION = YES;
				CLANG_WARN_INT_CONVERSION = YES;
				CLANG_WARN_NON_LITERAL_NULL_CONVERSION = YES;
				CLANG_WARN_OBJC_IMPLICIT_RETAIN_SELF = YES;
				CLANG_WARN_OBJC_LITERAL_CONVERSION = YES;
				CLANG_WARN_OBJC_ROOT_CLASS = YES_ERROR;
				CLANG_WARN_QUOTED_INCLUDE_IN_FRAMEWORK_HEADER = YES;
				CLANG_WARN_RANGE_LOOP_ANALYSIS = YES;
				CLANG_WARN_STRICT_PROTOTYPES = YES;
				CLANG_WARN_SUSPICIOUS_MOVE = YES;
				CLANG_WARN_UNGUARDED_AVAILABILITY = YES_AGGRESSIVE;
				CLANG_WARN_UNREACHABLE_CODE = YES;
				CLANG_WARN__DUPLICATE_METHOD_MATCH = YES;
				COPY_PHASE_STRIP = NO;
				DEBUG_INFORMATION_FORMAT = dwarf;
				ENABLE_STRICT_OBJC_MSGSEND = YES;
				ENABLE_TESTABILITY = YES;
				GCC_C_LANGUAGE_STANDARD = gnu11;
				GCC_DYNAMIC_NO_PIC = NO;
				GCC_NO_COMMON_BLOCKS = YES;
				GCC_OPTIMIZATION_LEVEL = 0;
				GCC_PREPROCESSOR_DEFINITIONS = (
					"DEBUG=1",
					"$(inherited)",
				);
				GCC_WARN_64_TO_32_BIT_CONVERSION = YES;
				GCC_WARN_ABOUT_RETURN_TYPE = YES_ERROR;
				GCC_WARN_UNDECLARED_SELECTOR = YES;
				GCC_WARN_UNINITIALIZED_AUTOS = YES_AGGRESSIVE;
				GCC_WARN_UNUSED_FUNCTION = YES;
				GCC_WARN_UNUSED_VARIABLE = YES;
				IPHONEOS_DEPLOYMENT_TARGET = 15.4;
				MTL_ENABLE_DEBUG_INFO = INCLUDE_SOURCE;
				MTL_FAST_MATH = YES;
				ONLY_ACTIVE_ARCH = YES;
				SDKROOT = iphoneos;
				SWIFT_ACTIVE_COMPILATION_CONDITIONS = DEBUG;
				SWIFT_OPTIMIZATION_LEVEL = "-Onone";
			};
			name = Debug;
		};
		A029D23328FD05FF00CC034B /* Release */ = {
			isa = XCBuildConfiguration;
			buildSettings = {
				ALWAYS_SEARCH_USER_PATHS = NO;
				CLANG_ANALYZER_NONNULL = YES;
				CLANG_ANALYZER_NUMBER_OBJECT_CONVERSION = YES_AGGRESSIVE;
				CLANG_CXX_LANGUAGE_STANDARD = "gnu++17";
				CLANG_ENABLE_MODULES = YES;
				CLANG_ENABLE_OBJC_ARC = YES;
				CLANG_ENABLE_OBJC_WEAK = YES;
				CLANG_WARN_BLOCK_CAPTURE_AUTORELEASING = YES;
				CLANG_WARN_BOOL_CONVERSION = YES;
				CLANG_WARN_COMMA = YES;
				CLANG_WARN_CONSTANT_CONVERSION = YES;
				CLANG_WARN_DEPRECATED_OBJC_IMPLEMENTATIONS = YES;
				CLANG_WARN_DIRECT_OBJC_ISA_USAGE = YES_ERROR;
				CLANG_WARN_DOCUMENTATION_COMMENTS = YES;
				CLANG_WARN_EMPTY_BODY = YES;
				CLANG_WARN_ENUM_CONVERSION = YES;
				CLANG_WARN_INFINITE_RECURSION = YES;
				CLANG_WARN_INT_CONVERSION = YES;
				CLANG_WARN_NON_LITERAL_NULL_CONVERSION = YES;
				CLANG_WARN_OBJC_IMPLICIT_RETAIN_SELF = YES;
				CLANG_WARN_OBJC_LITERAL_CONVERSION = YES;
				CLANG_WARN_OBJC_ROOT_CLASS = YES_ERROR;
				CLANG_WARN_QUOTED_INCLUDE_IN_FRAMEWORK_HEADER = YES;
				CLANG_WARN_RANGE_LOOP_ANALYSIS = YES;
				CLANG_WARN_STRICT_PROTOTYPES = YES;
				CLANG_WARN_SUSPICIOUS_MOVE = YES;
				CLANG_WARN_UNGUARDED_AVAILABILITY = YES_AGGRESSIVE;
				CLANG_WARN_UNREACHABLE_CODE = YES;
				CLANG_WARN__DUPLICATE_METHOD_MATCH = YES;
				COPY_PHASE_STRIP = NO;
				DEBUG_INFORMATION_FORMAT = "dwarf-with-dsym";
				ENABLE_NS_ASSERTIONS = NO;
				ENABLE_STRICT_OBJC_MSGSEND = YES;
				GCC_C_LANGUAGE_STANDARD = gnu11;
				GCC_NO_COMMON_BLOCKS = YES;
				GCC_WARN_64_TO_32_BIT_CONVERSION = YES;
				GCC_WARN_ABOUT_RETURN_TYPE = YES_ERROR;
				GCC_WARN_UNDECLARED_SELECTOR = YES;
				GCC_WARN_UNINITIALIZED_AUTOS = YES_AGGRESSIVE;
				GCC_WARN_UNUSED_FUNCTION = YES;
				GCC_WARN_UNUSED_VARIABLE = YES;
				IPHONEOS_DEPLOYMENT_TARGET = 15.4;
				MTL_ENABLE_DEBUG_INFO = NO;
				MTL_FAST_MATH = YES;
				SDKROOT = iphoneos;
				SWIFT_COMPILATION_MODE = wholemodule;
				SWIFT_OPTIMIZATION_LEVEL = "-O";
				VALIDATE_PRODUCT = YES;
			};
			name = Release;
		};
		A029D23528FD05FF00CC034B /* Debug */ = {
			isa = XCBuildConfiguration;
			baseConfigurationReference = 2AD1CA4CDBCE611B0AE610F1 /* Pods-pokemon_with_widget.debug.xcconfig */;
			buildSettings = {
				ALWAYS_EMBED_SWIFT_STANDARD_LIBRARIES = YES;
				ASSETCATALOG_COMPILER_APPICON_NAME = AppIcon;
				ASSETCATALOG_COMPILER_GLOBAL_ACCENT_COLOR_NAME = AccentColor;
				CODE_SIGN_STYLE = Automatic;
				CURRENT_PROJECT_VERSION = 1;
				GENERATE_INFOPLIST_FILE = YES;
				INFOPLIST_FILE = pokemon_with_widget/Info.plist;
				INFOPLIST_KEY_UIApplicationSupportsIndirectInputEvents = YES;
				INFOPLIST_KEY_UILaunchStoryboardName = LaunchScreen;
				INFOPLIST_KEY_UIMainStoryboardFile = Main;
				INFOPLIST_KEY_UISupportedInterfaceOrientations_iPad = "UIInterfaceOrientationPortrait UIInterfaceOrientationPortraitUpsideDown UIInterfaceOrientationLandscapeLeft UIInterfaceOrientationLandscapeRight";
				INFOPLIST_KEY_UISupportedInterfaceOrientations_iPhone = "UIInterfaceOrientationPortrait UIInterfaceOrientationLandscapeLeft UIInterfaceOrientationLandscapeRight";
				IPHONEOS_DEPLOYMENT_TARGET = 12.0;
				LD_RUNPATH_SEARCH_PATHS = (
					"$(inherited)",
					"@executable_path/Frameworks",
				);
				MARKETING_VERSION = 1.0;
				PRODUCT_BUNDLE_IDENTIFIER = "appwork.pokemon-with-widget";
				PRODUCT_NAME = "$(TARGET_NAME)";
				SWIFT_EMIT_LOC_STRINGS = YES;
				SWIFT_VERSION = 5.0;
				TARGETED_DEVICE_FAMILY = "1,2";
			};
			name = Debug;
		};
		A029D23628FD05FF00CC034B /* Release */ = {
			isa = XCBuildConfiguration;
			baseConfigurationReference = AF55705242BE3C9F62400593 /* Pods-pokemon_with_widget.release.xcconfig */;
			buildSettings = {
				ALWAYS_EMBED_SWIFT_STANDARD_LIBRARIES = YES;
				ASSETCATALOG_COMPILER_APPICON_NAME = AppIcon;
				ASSETCATALOG_COMPILER_GLOBAL_ACCENT_COLOR_NAME = AccentColor;
				CODE_SIGN_STYLE = Automatic;
				CURRENT_PROJECT_VERSION = 1;
				GENERATE_INFOPLIST_FILE = YES;
				INFOPLIST_FILE = pokemon_with_widget/Info.plist;
				INFOPLIST_KEY_UIApplicationSupportsIndirectInputEvents = YES;
				INFOPLIST_KEY_UILaunchStoryboardName = LaunchScreen;
				INFOPLIST_KEY_UIMainStoryboardFile = Main;
				INFOPLIST_KEY_UISupportedInterfaceOrientations_iPad = "UIInterfaceOrientationPortrait UIInterfaceOrientationPortraitUpsideDown UIInterfaceOrientationLandscapeLeft UIInterfaceOrientationLandscapeRight";
				INFOPLIST_KEY_UISupportedInterfaceOrientations_iPhone = "UIInterfaceOrientationPortrait UIInterfaceOrientationLandscapeLeft UIInterfaceOrientationLandscapeRight";
				IPHONEOS_DEPLOYMENT_TARGET = 12.0;
				LD_RUNPATH_SEARCH_PATHS = (
					"$(inherited)",
					"@executable_path/Frameworks",
				);
				MARKETING_VERSION = 1.0;
				PRODUCT_BUNDLE_IDENTIFIER = "appwork.pokemon-with-widget";
				PRODUCT_NAME = "$(TARGET_NAME)";
				SWIFT_EMIT_LOC_STRINGS = YES;
				SWIFT_VERSION = 5.0;
				TARGETED_DEVICE_FAMILY = "1,2";
			};
			name = Release;
		};
		A029D23828FD05FF00CC034B /* Debug */ = {
			isa = XCBuildConfiguration;
			baseConfigurationReference = 1A573D8C8D77D0FE080547AC /* Pods-pokemon_with_widgetTests.debug.xcconfig */;
			buildSettings = {
				ALWAYS_EMBED_SWIFT_STANDARD_LIBRARIES = YES;
				BUNDLE_LOADER = "$(TEST_HOST)";
				CODE_SIGN_STYLE = Automatic;
				CURRENT_PROJECT_VERSION = 1;
				GENERATE_INFOPLIST_FILE = YES;
				IPHONEOS_DEPLOYMENT_TARGET = 15.4;
				MARKETING_VERSION = 1.0;
				PRODUCT_BUNDLE_IDENTIFIER = "appwork.pokemon-with-widgetTests";
				PRODUCT_NAME = "$(TARGET_NAME)";
				SWIFT_EMIT_LOC_STRINGS = NO;
				SWIFT_VERSION = 5.0;
				TARGETED_DEVICE_FAMILY = "1,2";
				TEST_HOST = "$(BUILT_PRODUCTS_DIR)/pokemon_with_widget.app/pokemon_with_widget";
			};
			name = Debug;
		};
		A029D23928FD05FF00CC034B /* Release */ = {
			isa = XCBuildConfiguration;
			baseConfigurationReference = D6AF687E33F059012CD9C6BA /* Pods-pokemon_with_widgetTests.release.xcconfig */;
			buildSettings = {
				ALWAYS_EMBED_SWIFT_STANDARD_LIBRARIES = YES;
				BUNDLE_LOADER = "$(TEST_HOST)";
				CODE_SIGN_STYLE = Automatic;
				CURRENT_PROJECT_VERSION = 1;
				GENERATE_INFOPLIST_FILE = YES;
				IPHONEOS_DEPLOYMENT_TARGET = 15.4;
				MARKETING_VERSION = 1.0;
				PRODUCT_BUNDLE_IDENTIFIER = "appwork.pokemon-with-widgetTests";
				PRODUCT_NAME = "$(TARGET_NAME)";
				SWIFT_EMIT_LOC_STRINGS = NO;
				SWIFT_VERSION = 5.0;
				TARGETED_DEVICE_FAMILY = "1,2";
				TEST_HOST = "$(BUILT_PRODUCTS_DIR)/pokemon_with_widget.app/pokemon_with_widget";
			};
			name = Release;
		};
		A029D23B28FD05FF00CC034B /* Debug */ = {
			isa = XCBuildConfiguration;
			baseConfigurationReference = 7703D76ECA1536F5DFFB4E98 /* Pods-pokemon_with_widget-pokemon_with_widgetUITests.debug.xcconfig */;
			buildSettings = {
				ALWAYS_EMBED_SWIFT_STANDARD_LIBRARIES = YES;
				CODE_SIGN_STYLE = Automatic;
				CURRENT_PROJECT_VERSION = 1;
				GENERATE_INFOPLIST_FILE = YES;
				MARKETING_VERSION = 1.0;
				PRODUCT_BUNDLE_IDENTIFIER = "appwork.pokemon-with-widgetUITests";
				PRODUCT_NAME = "$(TARGET_NAME)";
				SWIFT_EMIT_LOC_STRINGS = NO;
				SWIFT_VERSION = 5.0;
				TARGETED_DEVICE_FAMILY = "1,2";
				TEST_TARGET_NAME = pokemon_with_widget;
			};
			name = Debug;
		};
		A029D23C28FD05FF00CC034B /* Release */ = {
			isa = XCBuildConfiguration;
			baseConfigurationReference = 30274913C57AA055CA1CAB99 /* Pods-pokemon_with_widget-pokemon_with_widgetUITests.release.xcconfig */;
			buildSettings = {
				ALWAYS_EMBED_SWIFT_STANDARD_LIBRARIES = YES;
				CODE_SIGN_STYLE = Automatic;
				CURRENT_PROJECT_VERSION = 1;
				GENERATE_INFOPLIST_FILE = YES;
				MARKETING_VERSION = 1.0;
				PRODUCT_BUNDLE_IDENTIFIER = "appwork.pokemon-with-widgetUITests";
				PRODUCT_NAME = "$(TARGET_NAME)";
				SWIFT_EMIT_LOC_STRINGS = NO;
				SWIFT_VERSION = 5.0;
				TARGETED_DEVICE_FAMILY = "1,2";
				TEST_TARGET_NAME = pokemon_with_widget;
			};
			name = Release;
		};
		A04A4B9728FFD2C100F21AAF /* Debug */ = {
			isa = XCBuildConfiguration;
			buildSettings = {
				ASSETCATALOG_COMPILER_GLOBAL_ACCENT_COLOR_NAME = AccentColor;
				ASSETCATALOG_COMPILER_WIDGET_BACKGROUND_COLOR_NAME = WidgetBackground;
				CODE_SIGN_STYLE = Automatic;
				CURRENT_PROJECT_VERSION = 1;
				GENERATE_INFOPLIST_FILE = YES;
				INFOPLIST_FILE = pokemonWidget/Info.plist;
				INFOPLIST_KEY_CFBundleDisplayName = pokemonWidget;
				INFOPLIST_KEY_NSHumanReadableCopyright = "";
				IPHONEOS_DEPLOYMENT_TARGET = 14.0;
				LD_RUNPATH_SEARCH_PATHS = (
					"$(inherited)",
					"@executable_path/Frameworks",
					"@executable_path/../../Frameworks",
				);
				MARKETING_VERSION = 1.0;
				PRODUCT_BUNDLE_IDENTIFIER = "appwork.pokemon-with-widget.pokemonWidget";
				PRODUCT_NAME = "$(TARGET_NAME)";
				SKIP_INSTALL = YES;
				SWIFT_EMIT_LOC_STRINGS = YES;
				SWIFT_VERSION = 5.0;
				TARGETED_DEVICE_FAMILY = "1,2";
			};
			name = Debug;
		};
		A04A4B9828FFD2C100F21AAF /* Release */ = {
			isa = XCBuildConfiguration;
			buildSettings = {
				ASSETCATALOG_COMPILER_GLOBAL_ACCENT_COLOR_NAME = AccentColor;
				ASSETCATALOG_COMPILER_WIDGET_BACKGROUND_COLOR_NAME = WidgetBackground;
				CODE_SIGN_STYLE = Automatic;
				CURRENT_PROJECT_VERSION = 1;
				GENERATE_INFOPLIST_FILE = YES;
				INFOPLIST_FILE = pokemonWidget/Info.plist;
				INFOPLIST_KEY_CFBundleDisplayName = pokemonWidget;
				INFOPLIST_KEY_NSHumanReadableCopyright = "";
				IPHONEOS_DEPLOYMENT_TARGET = 14.0;
				LD_RUNPATH_SEARCH_PATHS = (
					"$(inherited)",
					"@executable_path/Frameworks",
					"@executable_path/../../Frameworks",
				);
				MARKETING_VERSION = 1.0;
				PRODUCT_BUNDLE_IDENTIFIER = "appwork.pokemon-with-widget.pokemonWidget";
				PRODUCT_NAME = "$(TARGET_NAME)";
				SKIP_INSTALL = YES;
				SWIFT_EMIT_LOC_STRINGS = YES;
				SWIFT_VERSION = 5.0;
				TARGETED_DEVICE_FAMILY = "1,2";
			};
			name = Release;
		};
/* End XCBuildConfiguration section */

/* Begin XCConfigurationList section */
		A029D20528FD05FD00CC034B /* Build configuration list for PBXProject "pokemon_with_widget" */ = {
			isa = XCConfigurationList;
			buildConfigurations = (
				A029D23228FD05FF00CC034B /* Debug */,
				A029D23328FD05FF00CC034B /* Release */,
			);
			defaultConfigurationIsVisible = 0;
			defaultConfigurationName = Release;
		};
		A029D23428FD05FF00CC034B /* Build configuration list for PBXNativeTarget "pokemon_with_widget" */ = {
			isa = XCConfigurationList;
			buildConfigurations = (
				A029D23528FD05FF00CC034B /* Debug */,
				A029D23628FD05FF00CC034B /* Release */,
			);
			defaultConfigurationIsVisible = 0;
			defaultConfigurationName = Release;
		};
		A029D23728FD05FF00CC034B /* Build configuration list for PBXNativeTarget "pokemon_with_widgetTests" */ = {
			isa = XCConfigurationList;
			buildConfigurations = (
				A029D23828FD05FF00CC034B /* Debug */,
				A029D23928FD05FF00CC034B /* Release */,
			);
			defaultConfigurationIsVisible = 0;
			defaultConfigurationName = Release;
		};
		A029D23A28FD05FF00CC034B /* Build configuration list for PBXNativeTarget "pokemon_with_widgetUITests" */ = {
			isa = XCConfigurationList;
			buildConfigurations = (
				A029D23B28FD05FF00CC034B /* Debug */,
				A029D23C28FD05FF00CC034B /* Release */,
			);
			defaultConfigurationIsVisible = 0;
			defaultConfigurationName = Release;
		};
		A04A4B9928FFD2C100F21AAF /* Build configuration list for PBXNativeTarget "pokemonWidgetExtension" */ = {
			isa = XCConfigurationList;
			buildConfigurations = (
				A04A4B9728FFD2C100F21AAF /* Debug */,
				A04A4B9828FFD2C100F21AAF /* Release */,
			);
			defaultConfigurationIsVisible = 0;
			defaultConfigurationName = Release;
		};
/* End XCConfigurationList section */
	};
	rootObject = A029D20228FD05FD00CC034B /* Project object */;
}
